
Microsoft Visual Studio Solution File, Format Version 12.00
# Visual Studio Version 16
VisualStudioVersion = 16.0.30011.22
MinimumVisualStudioVersion = 10.0.40219.1
Project("{2150E333-8FDC-42A3-9474-1A3956D46DE8}") = "API网关", "API网关", "{EB60B80B-AB1B-4FAA-80E0-BC9AA2C7BB7F}"
EndProject
Project("{2150E333-8FDC-42A3-9474-1A3956D46DE8}") = "业务服务", "业务服务", "{B054EA60-EDB4-453F-A2A1-B0A0708241F9}"
EndProject
Project("{2150E333-8FDC-42A3-9474-1A3956D46DE8}") = "鉴权中心", "鉴权中心", "{C3D36BA4-FB53-4B32-8CB6-A3CD6FA0AFF7}"
EndProject
Project("{9A19103F-16F7-4668-BE54-9A1E7A4F7556}") = "ZHYYOcelot", "ZHYYOcelot\ZHYYOcelot.csproj", "{48643655-958C-4EFD-87DF-5FE9F4F9191A}"
EndProject
Project("{9A19103F-16F7-4668-BE54-9A1E7A4F7556}") = "ZHYYRegisterService", "ZHYYRegisterService\ZHYYRegisterService.csproj", "{FB215FDD-80AC-4608-A064-362171CCFBB8}"
EndProject
Project("{9A19103F-16F7-4668-BE54-9A1E7A4F7556}") = "ZHYYOutPatientService", "ZHYYOutPatientService\ZHYYOutPatientService.csproj", "{0550FDB8-2EB9-40DA-AF72-887678D929F9}"
EndProject
Project("{9A19103F-16F7-4668-BE54-9A1E7A4F7556}") = "ZHYYIdentityServer", "ZHYYIdentityServer\ZHYYIdentityServer.csproj", "{57AFA7F2-D0B8-4D3B-8B50-DAEB5AEC790A}"
EndProject
Project("{2150E333-8FDC-42A3-9474-1A3956D46DE8}") = "读写分离集群数据库配置Oracle", "读写分离集群数据库配置Oracle", "{342C06FC-1B12-4993-AFAB-4F8D44DDBD09}"
EndProject
Project("{9A19103F-16F7-4668-BE54-9A1E7A4F7556}") = "ZHYYDBHIS", "ZHYYDBHIS\ZHYYDBHIS.csproj", "{5F1A54E4-14B6-4A83-818A-DBC86E5B057B}"
EndProject
Project("{2150E333-8FDC-42A3-9474-1A3956D46DE8}") = "读写分离集群数据库配置SqlServer", "读写分离集群数据库配置SqlServer", "{DE496B33-A062-4188-B947-00D7CD2A6427}"
EndProject
Project("{9A19103F-16F7-4668-BE54-9A1E7A4F7556}") = "ZHYYDBSqlServerHIS", "ZHYYDBSqlServerHIS\ZHYYDBSqlServerHIS.csproj", "{368BF085-922B-4761-ACE9-E8FF8C1CA6E1}"
EndProject
Project("{2150E333-8FDC-42A3-9474-1A3956D46DE8}") = "Solution Items", "Solution Items", "{A04BBC9E-91F4-40FC-876A-FD93BEF6799F}"
	ProjectSection(SolutionItems) = preProject
		.editorconfig = .editorconfig
	EndProjectSection
EndProject
Project("{9A19103F-16F7-4668-BE54-9A1E7A4F7556}") = "GetTokenDemo", "ConsoleApp1\GetTokenDemo.csproj", "{A8B41741-C6C1-419B-862E-2380ECBDEB54}"
EndProject
Project("{9A19103F-16F7-4668-BE54-9A1E7A4F7556}") = "ZHYYSservicesCommon", "ZHYYSservicesCommon\ZHYYSservicesCommon.csproj", "{3AADCFC6-6E87-4DE6-AF5D-9A818E922B08}"
EndProject
Project("{2150E333-8FDC-42A3-9474-1A3956D46DE8}") = "微服务配置中心", "微服务配置中心", "{3E3C1B71-D68E-4496-935E-6EBDA5B80D03}"
EndProject
Project("{9A19103F-16F7-4668-BE54-9A1E7A4F7556}") = "ZHYYServicesConfigCenter", "ZHYYServicesConfigCenter\ZHYYServicesConfigCenter.csproj", "{243C9A33-F081-4896-A899-A8FBD82B58DA}"
EndProject
Project("{2150E333-8FDC-42A3-9474-1A3956D46DE8}") = "缓存层集群", "缓存层集群", "{43E9DA9A-EAE3-47CE-939C-96C60A34B5FA}"
EndProject
Global
	GlobalSection(SolutionConfigurationPlatforms) = preSolution
		Debug|Any CPU = Debug|Any CPU
		Release|Any CPU = Release|Any CPU
	EndGlobalSection
	GlobalSection(ProjectConfigurationPlatforms) = postSolution
		{48643655-958C-4EFD-87DF-5FE9F4F9191A}.Debug|Any CPU.ActiveCfg = Debug|Any CPU
		{48643655-958C-4EFD-87DF-5FE9F4F9191A}.Debug|Any CPU.Build.0 = Debug|Any CPU
		{48643655-958C-4EFD-87DF-5FE9F4F9191A}.Release|Any CPU.ActiveCfg = Release|Any CPU
		{48643655-958C-4EFD-87DF-5FE9F4F9191A}.Release|Any CPU.Build.0 = Release|Any CPU
		{FB215FDD-80AC-4608-A064-362171CCFBB8}.Debug|Any CPU.ActiveCfg = Debug|Any CPU
		{FB215FDD-80AC-4608-A064-362171CCFBB8}.Debug|Any CPU.Build.0 = Debug|Any CPU
		{FB215FDD-80AC-4608-A064-362171CCFBB8}.Release|Any CPU.ActiveCfg = Release|Any CPU
		{FB215FDD-80AC-4608-A064-362171CCFBB8}.Release|Any CPU.Build.0 = Release|Any CPU
		{0550FDB8-2EB9-40DA-AF72-887678D929F9}.Debug|Any CPU.ActiveCfg = Debug|Any CPU
		{0550FDB8-2EB9-40DA-AF72-887678D929F9}.Debug|Any CPU.Build.0 = Debug|Any CPU
		{0550FDB8-2EB9-40DA-AF72-887678D929F9}.Release|Any CPU.ActiveCfg = Release|Any CPU
		{0550FDB8-2EB9-40DA-AF72-887678D929F9}.Release|Any CPU.Build.0 = Release|Any CPU
		{57AFA7F2-D0B8-4D3B-8B50-DAEB5AEC790A}.Debug|Any CPU.ActiveCfg = Debug|Any CPU
		{57AFA7F2-D0B8-4D3B-8B50-DAEB5AEC790A}.Debug|Any CPU.Build.0 = Debug|Any CPU
		{57AFA7F2-D0B8-4D3B-8B50-DAEB5AEC790A}.Release|Any CPU.ActiveCfg = Release|Any CPU
		{57AFA7F2-D0B8-4D3B-8B50-DAEB5AEC790A}.Release|Any CPU.Build.0 = Release|Any CPU
		{5F1A54E4-14B6-4A83-818A-DBC86E5B057B}.Debug|Any CPU.ActiveCfg = Debug|Any CPU
		{5F1A54E4-14B6-4A83-818A-DBC86E5B057B}.Debug|Any CPU.Build.0 = Debug|Any CPU
		{5F1A54E4-14B6-4A83-818A-DBC86E5B057B}.Release|Any CPU.ActiveCfg = Release|Any CPU
		{5F1A54E4-14B6-4A83-818A-DBC86E5B057B}.Release|Any CPU.Build.0 = Release|Any CPU
		{368BF085-922B-4761-ACE9-E8FF8C1CA6E1}.Debug|Any CPU.ActiveCfg = Debug|Any CPU
		{368BF085-922B-4761-ACE9-E8FF8C1CA6E1}.Debug|Any CPU.Build.0 = Debug|Any CPU
		{368BF085-922B-4761-ACE9-E8FF8C1CA6E1}.Release|Any CPU.ActiveCfg = Release|Any CPU
		{368BF085-922B-4761-ACE9-E8FF8C1CA6E1}.Release|Any CPU.Build.0 = Release|Any CPU
		{A8B41741-C6C1-419B-862E-2380ECBDEB54}.Debug|Any CPU.ActiveCfg = Debug|Any CPU
		{A8B41741-C6C1-419B-862E-2380ECBDEB54}.Debug|Any CPU.Build.0 = Debug|Any CPU
		{A8B41741-C6C1-419B-862E-2380ECBDEB54}.Release|Any CPU.ActiveCfg = Release|Any CPU
		{A8B41741-C6C1-419B-862E-2380ECBDEB54}.Release|Any CPU.Build.0 = Release|Any CPU
		{3AADCFC6-6E87-4DE6-AF5D-9A818E922B08}.Debug|Any CPU.ActiveCfg = Debug|Any CPU
		{3AADCFC6-6E87-4DE6-AF5D-9A818E922B08}.Debug|Any CPU.Build.0 = Debug|Any CPU
		{3AADCFC6-6E87-4DE6-AF5D-9A818E922B08}.Release|Any CPU.ActiveCfg = Release|Any CPU
		{3AADCFC6-6E87-4DE6-AF5D-9A818E922B08}.Release|Any CPU.Build.0 = Release|Any CPU
		{243C9A33-F081-4896-A899-A8FBD82B58DA}.Debug|Any CPU.ActiveCfg = Debug|Any CPU
		{243C9A33-F081-4896-A899-A8FBD82B58DA}.Debug|Any CPU.Build.0 = Debug|Any CPU
		{243C9A33-F081-4896-A899-A8FBD82B58DA}.Release|Any CPU.ActiveCfg = Release|Any CPU
		{243C9A33-F081-4896-A899-A8FBD82B58DA}.Release|Any CPU.Build.0 = Release|Any CPU
	EndGlobalSection
	GlobalSection(SolutionProperties) = preSolution
		HideSolutionNode = FALSE
	EndGlobalSection
	GlobalSection(NestedProjects) = preSolution
		{48643655-958C-4EFD-87DF-5FE9F4F9191A} = {EB60B80B-AB1B-4FAA-80E0-BC9AA2C7BB7F}
		{FB215FDD-80AC-4608-A064-362171CCFBB8} = {B054EA60-EDB4-453F-A2A1-B0A0708241F9}
		{0550FDB8-2EB9-40DA-AF72-887678D929F9} = {B054EA60-EDB4-453F-A2A1-B0A0708241F9}
		{57AFA7F2-D0B8-4D3B-8B50-DAEB5AEC790A} = {C3D36BA4-FB53-4B32-8CB6-A3CD6FA0AFF7}
		{5F1A54E4-14B6-4A83-818A-DBC86E5B057B} = {342C06FC-1B12-4993-AFAB-4F8D44DDBD09}
		{368BF085-922B-4761-ACE9-E8FF8C1CA6E1} = {DE496B33-A062-4188-B947-00D7CD2A6427}
		{3AADCFC6-6E87-4DE6-AF5D-9A818E922B08} = {B054EA60-EDB4-453F-A2A1-B0A0708241F9}
		{243C9A33-F081-4896-A899-A8FBD82B58DA} = {3E3C1B71-D68E-4496-935E-6EBDA5B80D03}
	EndGlobalSection
	GlobalSection(ExtensibilityGlobals) = postSolution
		SolutionGuid = {10CCF097-38AA-4906-8103-C6B213A719F2}
	EndGlobalSection
EndGlobal
